
Microsoft Visual Studio Solution File, Format Version 12.00
# Visual Studio 15
Project("{FAE04EC0-301F-11D3-BF4B-00C04F79EFBC}") = "UnityEngine.UI", "UnityEngine.UI.csproj", "{18BDA493-44BB-2CF4-BC43-C7CA66A375FE}"
EndProject
Project("{FAE04EC0-301F-11D3-BF4B-00C04F79EFBC}") = "Assembly-CSharp", "Assembly-CSharp.csproj", "{09F3B699-96C4-3444-CF8A-7758CB9DF800}"
EndProject
Project("{FAE04EC0-301F-11D3-BF4B-00C04F79EFBC}") = "UnityEditor.UI", "UnityEditor.UI.csproj", "{496B8824-4FD8-9872-619D-6DAFDB56F5B8}"
EndProject
Global
	GlobalSection(SolutionConfigurationPlatforms) = preSolution
		Debug|Any CPU = Debug|Any CPU
		Release|Any CPU = Release|Any CPU
	EndGlobalSection
	GlobalSection(ProjectConfigurationPlatforms) = postSolution
		{18BDA493-44BB-2CF4-BC43-C7CA66A375FE}.Debug|Any CPU.ActiveCfg = Debug|Any CPU
		{18BDA493-44BB-2CF4-BC43-C7CA66A375FE}.Debug|Any CPU.Build.0 = Debug|Any CPU
		{18BDA493-44BB-2CF4-BC43-C7CA66A375FE}.Release|Any CPU.ActiveCfg = Release|Any CPU
		{18BDA493-44BB-2CF4-BC43-C7CA66A375FE}.Release|Any CPU.Build.0 = Release|Any CPU
		{09F3B699-96C4-3444-CF8A-7758CB9DF800}.Debug|Any CPU.ActiveCfg = Debug|Any CPU
		{09F3B699-96C4-3444-CF8A-7758CB9DF800}.Debug|Any CPU.Build.0 = Debug|Any CPU
		{09F3B699-96C4-3444-CF8A-7758CB9DF800}.Release|Any CPU.ActiveCfg = Release|Any CPU
		{09F3B699-96C4-3444-CF8A-7758CB9DF800}.Release|Any CPU.Build.0 = Release|Any CPU
		{496B8824-4FD8-9872-619D-6DAFDB56F5B8}.Debug|Any CPU.ActiveCfg = Debug|Any CPU
		{496B8824-4FD8-9872-619D-6DAFDB56F5B8}.Debug|Any CPU.Build.0 = Debug|Any CPU
		{496B8824-4FD8-9872-619D-6DAFDB56F5B8}.Release|Any CPU.ActiveCfg = Release|Any CPU
		{496B8824-4FD8-9872-619D-6DAFDB56F5B8}.Release|Any CPU.Build.0 = Release|Any CPU
	EndGlobalSection
	GlobalSection(SolutionProperties) = preSolution
		HideSolutionNode = FALSE
	EndGlobalSection
EndGlobal
